// !$*UTF8*$!
{
	archiveVersion = 1;
	classes = {
	};
	objectVersion = 50;
	objects = {

/* Begin PBXBuildFile section */
		1983A50A2404CE55006C3828 /* AppDelegate.swift in Sources */ = {isa = PBXBuildFile; fileRef = 1983A5092404CE55006C3828 /* AppDelegate.swift */; };
		1983A50C2404CE55006C3828 /* SceneDelegate.swift in Sources */ = {isa = PBXBuildFile; fileRef = 1983A50B2404CE55006C3828 /* SceneDelegate.swift */; };
		1983A50E2404CE55006C3828 /* ContentView.swift in Sources */ = {isa = PBXBuildFile; fileRef = 1983A50D2404CE55006C3828 /* ContentView.swift */; };
		1983A5102404CE59006C3828 /* Assets.xcassets in Resources */ = {isa = PBXBuildFile; fileRef = 1983A50F2404CE59006C3828 /* Assets.xcassets */; };
		1983A5132404CE59006C3828 /* Preview Assets.xcassets in Resources */ = {isa = PBXBuildFile; fileRef = 1983A5122404CE59006C3828 /* Preview Assets.xcassets */; };
		1983A5162404CE59006C3828 /* LaunchScreen.storyboard in Resources */ = {isa = PBXBuildFile; fileRef = 1983A5142404CE59006C3828 /* LaunchScreen.storyboard */; };
		1983A5212404CE5A006C3828 /* testdevopsTests.swift in Sources */ = {isa = PBXBuildFile; fileRef = 1983A5202404CE5A006C3828 /* testdevopsTests.swift */; };
		1983A52C2404CE5A006C3828 /* testdevopsUITests.swift in Sources */ = {isa = PBXBuildFile; fileRef = 1983A52B2404CE5A006C3828 /* testdevopsUITests.swift */; };
/* End PBXBuildFile section */

/* Begin PBXContainerItemProxy section */
		1983A51D2404CE5A006C3828 /* PBXContainerItemProxy */ = {
			isa = PBXContainerItemProxy;
			containerPortal = 1983A4FE2404CE54006C3828 /* Project object */;
			proxyType = 1;
			remoteGlobalIDString = 1983A5052404CE54006C3828;
			remoteInfo = testdevops;
		};
		1983A5282404CE5A006C3828 /* PBXContainerItemProxy */ = {
			isa = PBXContainerItemProxy;
			containerPortal = 1983A4FE2404CE54006C3828 /* Project object */;
			proxyType = 1;
			remoteGlobalIDString = 1983A5052404CE54006C3828;
			remoteInfo = testdevops;
		};
/* End PBXContainerItemProxy section */

/* Begin PBXFileReference section */
		1983A5062404CE54006C3828 /* testdevops.app */ = {isa = PBXFileReference; explicitFileType = wrapper.application; includeInIndex = 0; path = testdevops.app; sourceTree = BUILT_PRODUCTS_DIR; };
		1983A5092404CE55006C3828 /* AppDelegate.swift */ = {isa = PBXFileReference; lastKnownFileType = sourcecode.swift; path = AppDelegate.swift; sourceTree = "<group>"; };
		1983A50B2404CE55006C3828 /* SceneDelegate.swift */ = {isa = PBXFileReference; lastKnownFileType = sourcecode.swift; path = SceneDelegate.swift; sourceTree = "<group>"; };
		1983A50D2404CE55006C3828 /* ContentView.swift */ = {isa = PBXFileReference; lastKnownFileType = sourcecode.swift; path = ContentView.swift; sourceTree = "<group>"; };
		1983A50F2404CE59006C3828 /* Assets.xcassets */ = {isa = PBXFileReference; lastKnownFileType = folder.assetcatalog; path = Assets.xcassets; sourceTree = "<group>"; };
		1983A5122404CE59006C3828 /* Preview Assets.xcassets */ = {isa = PBXFileReference; lastKnownFileType = folder.assetcatalog; path = "Preview Assets.xcassets"; sourceTree = "<group>"; };
		1983A5152404CE59006C3828 /* Base */ = {isa = PBXFileReference; lastKnownFileType = file.storyboard; name = Base; path = Base.lproj/LaunchScreen.storyboard; sourceTree = "<group>"; };
		1983A5172404CE59006C3828 /* Info.plist */ = {isa = PBXFileReference; lastKnownFileType = text.plist.xml; path = Info.plist; sourceTree = "<group>"; };
		1983A51C2404CE5A006C3828 /* testdevopsTests.xctest */ = {isa = PBXFileReference; explicitFileType = wrapper.cfbundle; includeInIndex = 0; path = testdevopsTests.xctest; sourceTree = BUILT_PRODUCTS_DIR; };
		1983A5202404CE5A006C3828 /* testdevopsTests.swift */ = {isa = PBXFileReference; lastKnownFileType = sourcecode.swift; path = testdevopsTests.swift; sourceTree = "<group>"; };
		1983A5222404CE5A006C3828 /* Info.plist */ = {isa = PBXFileReference; lastKnownFileType = text.plist.xml; path = Info.plist; sourceTree = "<group>"; };
		1983A5272404CE5A006C3828 /* testdevopsUITests.xctest */ = {isa = PBXFileReference; explicitFileType = wrapper.cfbundle; includeInIndex = 0; path = testdevopsUITests.xctest; sourceTree = BUILT_PRODUCTS_DIR; };
		1983A52B2404CE5A006C3828 /* testdevopsUITests.swift */ = {isa = PBXFileReference; lastKnownFileType = sourcecode.swift; path = testdevopsUITests.swift; sourceTree = "<group>"; };
		1983A52D2404CE5A006C3828 /* Info.plist */ = {isa = PBXFileReference; lastKnownFileType = text.plist.xml; path = Info.plist; sourceTree = "<group>"; };
/* End PBXFileReference section */

/* Begin PBXFrameworksBuildPhase section */
		1983A5032404CE54006C3828 /* Frameworks */ = {
			isa = PBXFrameworksBuildPhase;
			buildActionMask = 2147483647;
			files = (
			);
			runOnlyForDeploymentPostprocessing = 0;
		};
		1983A5192404CE5A006C3828 /* Frameworks */ = {
			isa = PBXFrameworksBuildPhase;
			buildActionMask = 2147483647;
			files = (
			);
			runOnlyForDeploymentPostprocessing = 0;
		};
		1983A5242404CE5A006C3828 /* Frameworks */ = {
			isa = PBXFrameworksBuildPhase;
			buildActionMask = 2147483647;
			files = (
			);
			runOnlyForDeploymentPostprocessing = 0;
		};
/* End PBXFrameworksBuildPhase section */

/* Begin PBXGroup section */
		1983A4FD2404CE54006C3828 = {
			isa = PBXGroup;
			children = (
				1983A5082404CE54006C3828 /* testdevops */,
				1983A51F2404CE5A006C3828 /* testdevopsTests */,
				1983A52A2404CE5A006C3828 /* testdevopsUITests */,
				1983A5072404CE54006C3828 /* Products */,
			);
			sourceTree = "<group>";
		};
		1983A5072404CE54006C3828 /* Products */ = {
			isa = PBXGroup;
			children = (
				1983A5062404CE54006C3828 /* testdevops.app */,
				1983A51C2404CE5A006C3828 /* testdevopsTests.xctest */,
				1983A5272404CE5A006C3828 /* testdevopsUITests.xctest */,
			);
			name = Products;
			sourceTree = "<group>";
		};
		1983A5082404CE54006C3828 /* testdevops */ = {
			isa = PBXGroup;
			children = (
				1983A5092404CE55006C3828 /* AppDelegate.swift */,
				1983A50B2404CE55006C3828 /* SceneDelegate.swift */,
				1983A50D2404CE55006C3828 /* ContentView.swift */,
				1983A50F2404CE59006C3828 /* Assets.xcassets */,
				1983A5142404CE59006C3828 /* LaunchScreen.storyboard */,
				1983A5172404CE59006C3828 /* Info.plist */,
				1983A5112404CE59006C3828 /* Preview Content */,
			);
			path = testdevops;
			sourceTree = "<group>";
		};
		1983A5112404CE59006C3828 /* Preview Content */ = {
			isa = PBXGroup;
			children = (
				1983A5122404CE59006C3828 /* Preview Assets.xcassets */,
			);
			path = "Preview Content";
			sourceTree = "<group>";
		};
		1983A51F2404CE5A006C3828 /* testdevopsTests */ = {
			isa = PBXGroup;
			children = (
				1983A5202404CE5A006C3828 /* testdevopsTests.swift */,
				1983A5222404CE5A006C3828 /* Info.plist */,
			);
			path = testdevopsTests;
			sourceTree = "<group>";
		};
		1983A52A2404CE5A006C3828 /* testdevopsUITests */ = {
			isa = PBXGroup;
			children = (
				1983A52B2404CE5A006C3828 /* testdevopsUITests.swift */,
				1983A52D2404CE5A006C3828 /* Info.plist */,
			);
			path = testdevopsUITests;
			sourceTree = "<group>";
		};
/* End PBXGroup section */

/* Begin PBXNativeTarget section */
		1983A5052404CE54006C3828 /* testdevops */ = {
			isa = PBXNativeTarget;
			buildConfigurationList = 1983A5302404CE5A006C3828 /* Build configuration list for PBXNativeTarget "testdevops" */;
			buildPhases = (
				1983A5022404CE54006C3828 /* Sources */,
				1983A5032404CE54006C3828 /* Frameworks */,
				1983A5042404CE54006C3828 /* Resources */,
			);
			buildRules = (
			);
			dependencies = (
			);
			name = testdevops;
			productName = testdevops;
			productReference = 1983A5062404CE54006C3828 /* testdevops.app */;
			productType = "com.apple.product-type.application";
		};
		1983A51B2404CE5A006C3828 /* testdevopsTests */ = {
			isa = PBXNativeTarget;
			buildConfigurationList = 1983A5332404CE5A006C3828 /* Build configuration list for PBXNativeTarget "testdevopsTests" */;
			buildPhases = (
				1983A5182404CE5A006C3828 /* Sources */,
				1983A5192404CE5A006C3828 /* Frameworks */,
				1983A51A2404CE5A006C3828 /* Resources */,
			);
			buildRules = (
			);
			dependencies = (
				1983A51E2404CE5A006C3828 /* PBXTargetDependency */,
			);
			name = testdevopsTests;
			productName = testdevopsTests;
			productReference = 1983A51C2404CE5A006C3828 /* testdevopsTests.xctest */;
			productType = "com.apple.product-type.bundle.unit-test";
		};
		1983A5262404CE5A006C3828 /* testdevopsUITests */ = {
			isa = PBXNativeTarget;
			buildConfigurationList = 1983A5362404CE5A006C3828 /* Build configuration list for PBXNativeTarget "testdevopsUITests" */;
			buildPhases = (
				1983A5232404CE5A006C3828 /* Sources */,
				1983A5242404CE5A006C3828 /* Frameworks */,
				1983A5252404CE5A006C3828 /* Resources */,
			);
			buildRules = (
			);
			dependencies = (
				1983A5292404CE5A006C3828 /* PBXTargetDependency */,
			);
			name = testdevopsUITests;
			productName = testdevopsUITests;
			productReference = 1983A5272404CE5A006C3828 /* testdevopsUITests.xctest */;
			productType = "com.apple.product-type.bundle.ui-testing";
		};
/* End PBXNativeTarget section */

/* Begin PBXProject section */
		1983A4FE2404CE54006C3828 /* Project object */ = {
			isa = PBXProject;
			attributes = {
				LastSwiftUpdateCheck = 1130;
				LastUpgradeCheck = 1130;
				ORGANIZATIONNAME = chaiyapong;
				TargetAttributes = {
					1983A5052404CE54006C3828 = {
						CreatedOnToolsVersion = 11.3.1;
					};
					1983A51B2404CE5A006C3828 = {
						CreatedOnToolsVersion = 11.3.1;
						TestTargetID = 1983A5052404CE54006C3828;
					};
					1983A5262404CE5A006C3828 = {
						CreatedOnToolsVersion = 11.3.1;
						TestTargetID = 1983A5052404CE54006C3828;
					};
				};
			};
			buildConfigurationList = 1983A5012404CE54006C3828 /* Build configuration list for PBXProject "testdevops" */;
			compatibilityVersion = "Xcode 9.3";
			developmentRegion = en;
			hasScannedForEncodings = 0;
			knownRegions = (
				en,
				Base,
			);
			mainGroup = 1983A4FD2404CE54006C3828;
			productRefGroup = 1983A5072404CE54006C3828 /* Products */;
			projectDirPath = "";
			projectRoot = "";
			targets = (
				1983A5052404CE54006C3828 /* testdevops */,
				1983A51B2404CE5A006C3828 /* testdevopsTests */,
				1983A5262404CE5A006C3828 /* testdevopsUITests */,
			);
		};
/* End PBXProject section */

/* Begin PBXResourcesBuildPhase section */
		1983A5042404CE54006C3828 /* Resources */ = {
			isa = PBXResourcesBuildPhase;
			buildActionMask = 2147483647;
			files = (
				1983A5162404CE59006C3828 /* LaunchScreen.storyboard in Resources */,
				1983A5132404CE59006C3828 /* Preview Assets.xcassets in Resources */,
				1983A5102404CE59006C3828 /* Assets.xcassets in Resources */,
			);
			runOnlyForDeploymentPostprocessing = 0;
		};
		1983A51A2404CE5A006C3828 /* Resources */ = {
			isa = PBXResourcesBuildPhase;
			buildActionMask = 2147483647;
			files = (
			);
			runOnlyForDeploymentPostprocessing = 0;
		};
		1983A5252404CE5A006C3828 /* Resources */ = {
			isa = PBXResourcesBuildPhase;
			buildActionMask = 2147483647;
			files = (
			);
			runOnlyForDeploymentPostprocessing = 0;
		};
/* End PBXResourcesBuildPhase section */

/* Begin PBXSourcesBuildPhase section */
		1983A5022404CE54006C3828 /* Sources */ = {
			isa = PBXSourcesBuildPhase;
			buildActionMask = 2147483647;
			files = (
				1983A50A2404CE55006C3828 /* AppDelegate.swift in Sources */,
				1983A50C2404CE55006C3828 /* SceneDelegate.swift in Sources */,
				1983A50E2404CE55006C3828 /* ContentView.swift in Sources */,
			);
			runOnlyForDeploymentPostprocessing = 0;
		};
		1983A5182404CE5A006C3828 /* Sources */ = {
			isa = PBXSourcesBuildPhase;
			buildActionMask = 2147483647;
			files = (
				1983A5212404CE5A006C3828 /* testdevopsTests.swift in Sources */,
			);
			runOnlyForDeploymentPostprocessing = 0;
		};
		1983A5232404CE5A006C3828 /* Sources */ = {
			isa = PBXSourcesBuildPhase;
			buildActionMask = 2147483647;
			files = (
				1983A52C2404CE5A006C3828 /* testdevopsUITests.swift in Sources */,
			);
			runOnlyForDeploymentPostprocessing = 0;
		};
/* End PBXSourcesBuildPhase section */

/* Begin PBXTargetDependency section */
		1983A51E2404CE5A006C3828 /* PBXTargetDependency */ = {
			isa = PBXTargetDependency;
			target = 1983A5052404CE54006C3828 /* testdevops */;
			targetProxy = 1983A51D2404CE5A006C3828 /* PBXContainerItemProxy */;
		};
		1983A5292404CE5A006C3828 /* PBXTargetDependency */ = {
			isa = PBXTargetDependency;
			target = 1983A5052404CE54006C3828 /* testdevops */;
			targetProxy = 1983A5282404CE5A006C3828 /* PBXContainerItemProxy */;
		};
/* End PBXTargetDependency section */

/* Begin PBXVariantGroup section */
		1983A5142404CE59006C3828 /* LaunchScreen.storyboard */ = {
			isa = PBXVariantGroup;
			children = (
				1983A5152404CE59006C3828 /* Base */,
			);
			name = LaunchScreen.storyboard;
			sourceTree = "<group>";
		};
/* End PBXVariantGroup section */

/* Begin XCBuildConfiguration section */
		1983A52E2404CE5A006C3828 /* Debug */ = {
			isa = XCBuildConfiguration;
			buildSettings = {
				ALWAYS_SEARCH_USER_PATHS = NO;
				CLANG_ANALYZER_NONNULL = YES;
				CLANG_ANALYZER_NUMBER_OBJECT_CONVERSION = YES_AGGRESSIVE;
				CLANG_CXX_LANGUAGE_STANDARD = "gnu++14";
				CLANG_CXX_LIBRARY = "libc++";
				CLANG_ENABLE_MODULES = YES;
				CLANG_ENABLE_OBJC_ARC = YES;
				CLANG_ENABLE_OBJC_WEAK = YES;
				CLANG_WARN_BLOCK_CAPTURE_AUTORELEASING = YES;
				CLANG_WARN_BOOL_CONVERSION = YES;
				CLANG_WARN_COMMA = YES;
				CLANG_WARN_CONSTANT_CONVERSION = YES;
				CLANG_WARN_DEPRECATED_OBJC_IMPLEMENTATIONS = YES;
				CLANG_WARN_DIRECT_OBJC_ISA_USAGE = YES_ERROR;
				CLANG_WARN_DOCUMENTATION_COMMENTS = YES;
				CLANG_WARN_EMPTY_BODY = YES;
				CLANG_WARN_ENUM_CONVERSION = YES;
				CLANG_WARN_INFINITE_RECURSION = YES;
				CLANG_WARN_INT_CONVERSION = YES;
				CLANG_WARN_NON_LITERAL_NULL_CONVERSION = YES;
				CLANG_WARN_OBJC_IMPLICIT_RETAIN_SELF = YES;
				CLANG_WARN_OBJC_LITERAL_CONVERSION = YES;
				CLANG_WARN_OBJC_ROOT_CLASS = YES_ERROR;
				CLANG_WARN_RANGE_LOOP_ANALYSIS = YES;
				CLANG_WARN_STRICT_PROTOTYPES = YES;
				CLANG_WARN_SUSPICIOUS_MOVE = YES;
				CLANG_WARN_UNGUARDED_AVAILABILITY = YES_AGGRESSIVE;
				CLANG_WARN_UNREACHABLE_CODE = YES;
				CLANG_WARN__DUPLICATE_METHOD_MATCH = YES;
				COPY_PHASE_STRIP = NO;
				DEBUG_INFORMATION_FORMAT = dwarf;
				ENABLE_STRICT_OBJC_MSGSEND = YES;
				ENABLE_TESTABILITY = YES;
				GCC_C_LANGUAGE_STANDARD = gnu11;
				GCC_DYNAMIC_NO_PIC = NO;
				GCC_NO_COMMON_BLOCKS = YES;
				GCC_OPTIMIZATION_LEVEL = 0;
				GCC_PREPROCESSOR_DEFINITIONS = (
					"DEBUG=1",
					"$(inherited)",
				);
				GCC_WARN_64_TO_32_BIT_CONVERSION = YES;
				GCC_WARN_ABOUT_RETURN_TYPE = YES_ERROR;
				GCC_WARN_UNDECLARED_SELECTOR = YES;
				GCC_WARN_UNINITIALIZED_AUTOS = YES_AGGRESSIVE;
				GCC_WARN_UNUSED_FUNCTION = YES;
				GCC_WARN_UNUSED_VARIABLE = YES;
				IPHONEOS_DEPLOYMENT_TARGET = 13.2;
				MTL_ENABLE_DEBUG_INFO = INCLUDE_SOURCE;
				MTL_FAST_MATH = YES;
				ONLY_ACTIVE_ARCH = YES;
				SDKROOT = iphoneos;
				SWIFT_ACTIVE_COMPILATION_CONDITIONS = DEBUG;
				SWIFT_OPTIMIZATION_LEVEL = "-Onone";
			};
			name = Debug;
		};
		1983A52F2404CE5A006C3828 /* Release */ = {
			isa = XCBuildConfiguration;
			buildSettings = {
				ALWAYS_SEARCH_USER_PATHS = NO;
				CLANG_ANALYZER_NONNULL = YES;
				CLANG_ANALYZER_NUMBER_OBJECT_CONVERSION = YES_AGGRESSIVE;
				CLANG_CXX_LANGUAGE_STANDARD = "gnu++14";
				CLANG_CXX_LIBRARY = "libc++";
				CLANG_ENABLE_MODULES = YES;
				CLANG_ENABLE_OBJC_ARC = YES;
				CLANG_ENABLE_OBJC_WEAK = YES;
				CLANG_WARN_BLOCK_CAPTURE_AUTORELEASING = YES;
				CLANG_WARN_BOOL_CONVERSION = YES;
				CLANG_WARN_COMMA = YES;
				CLANG_WARN_CONSTANT_CONVERSION = YES;
				CLANG_WARN_DEPRECATED_OBJC_IMPLEMENTATIONS = YES;
				CLANG_WARN_DIRECT_OBJC_ISA_USAGE = YES_ERROR;
				CLANG_WARN_DOCUMENTATION_COMMENTS = YES;
				CLANG_WARN_EMPTY_BODY = YES;
				CLANG_WARN_ENUM_CONVERSION = YES;
				CLANG_WARN_INFINITE_RECURSION = YES;
				CLANG_WARN_INT_CONVERSION = YES;
				CLANG_WARN_NON_LITERAL_NULL_CONVERSION = YES;
				CLANG_WARN_OBJC_IMPLICIT_RETAIN_SELF = YES;
				CLANG_WARN_OBJC_LITERAL_CONVERSION = YES;
				CLANG_WARN_OBJC_ROOT_CLASS = YES_ERROR;
				CLANG_WARN_RANGE_LOOP_ANALYSIS = YES;
				CLANG_WARN_STRICT_PROTOTYPES = YES;
				CLANG_WARN_SUSPICIOUS_MOVE = YES;
				CLANG_WARN_UNGUARDED_AVAILABILITY = YES_AGGRESSIVE;
				CLANG_WARN_UNREACHABLE_CODE = YES;
				CLANG_WARN__DUPLICATE_METHOD_MATCH = YES;
				COPY_PHASE_STRIP = NO;
				DEBUG_INFORMATION_FORMAT = "dwarf-with-dsym";
				ENABLE_NS_ASSERTIONS = NO;
				ENABLE_STRICT_OBJC_MSGSEND = YES;
				GCC_C_LANGUAGE_STANDARD = gnu11;
				GCC_NO_COMMON_BLOCKS = YES;
				GCC_WARN_64_TO_32_BIT_CONVERSION = YES;
				GCC_WARN_ABOUT_RETURN_TYPE = YES_ERROR;
				GCC_WARN_UNDECLARED_SELECTOR = YES;
				GCC_WARN_UNINITIALIZED_AUTOS = YES_AGGRESSIVE;
				GCC_WARN_UNUSED_FUNCTION = YES;
				GCC_WARN_UNUSED_VARIABLE = YES;
				IPHONEOS_DEPLOYMENT_TARGET = 13.2;
				MTL_ENABLE_DEBUG_INFO = NO;
				MTL_FAST_MATH = YES;
				SDKROOT = iphoneos;
				SWIFT_COMPILATION_MODE = wholemodule;
				SWIFT_OPTIMIZATION_LEVEL = "-O";
				VALIDATE_PRODUCT = YES;
			};
			name = Release;
		};
		1983A5312404CE5A006C3828 /* Debug */ = {
			isa = XCBuildConfiguration;
			buildSettings = {
				ASSETCATALOG_COMPILER_APPICON_NAME = AppIcon;
				CODE_SIGN_IDENTITY = "iPhone Distribution";
				CODE_SIGN_STYLE = Manual;
				DEVELOPMENT_ASSET_PATHS = "\"testdevops/Preview Content\"";
				DEVELOPMENT_TEAM = 9UG5LA7643;
				ENABLE_PREVIEWS = YES;
				INFOPLIST_FILE = testdevops/Info.plist;
				LD_RUNPATH_SEARCH_PATHS = (
					"$(inherited)",
					"@executable_path/Frameworks",
				);
				PRODUCT_BUNDLE_IDENTIFIER = com.mfec.ddsd.testdevops;
				PRODUCT_NAME = "$(TARGET_NAME)";
				PROVISIONING_PROFILE_SPECIFIER = mixtestdevops;
				SWIFT_VERSION = 5.0;
				TARGETED_DEVICE_FAMILY = "1,2";
			};
			name = Debug;
		};
		1983A5322404CE5A006C3828 /* Release */ = {
			isa = XCBuildConfiguration;
			buildSettings = {
				ASSETCATALOG_COMPILER_APPICON_NAME = AppIcon;
				CODE_SIGN_IDENTITY = "iPhone Distribution";
				CODE_SIGN_STYLE = Manual;
				DEVELOPMENT_ASSET_PATHS = "\"testdevops/Preview Content\"";
				DEVELOPMENT_TEAM = 9UG5LA7643;
				ENABLE_PREVIEWS = YES;
				INFOPLIST_FILE = testdevops/Info.plist;
				LD_RUNPATH_SEARCH_PATHS = (
					"$(inherited)",
					"@executable_path/Frameworks",
				);
				PRODUCT_BUNDLE_IDENTIFIER = com.mfec.ddsd.testdevops;
				PRODUCT_NAME = "$(TARGET_NAME)";
				PROVISIONING_PROFILE_SPECIFIER = mixtestdevops;
				SWIFT_VERSION = 5.0;
				TARGETED_DEVICE_FAMILY = "1,2";
			};
			name = Release;
		};
		1983A5342404CE5A006C3828 /* Debug */ = {
			isa = XCBuildConfiguration;
			buildSettings = {
				ALWAYS_EMBED_SWIFT_STANDARD_LIBRARIES = YES;
				BUNDLE_LOADER = "$(TEST_HOST)";
				CODE_SIGN_STYLE = Automatic;
				INFOPLIST_FILE = testdevopsTests/Info.plist;
				IPHONEOS_DEPLOYMENT_TARGET = 13.2;
				LD_RUNPATH_SEARCH_PATHS = (
					"$(inherited)",
					"@executable_path/Frameworks",
					"@loader_path/Frameworks",
				);
				PRODUCT_BUNDLE_IDENTIFIER = com.mfec.dd.testdevopsTests;
				PRODUCT_NAME = "$(TARGET_NAME)";
				SWIFT_VERSION = 5.0;
				TARGETED_DEVICE_FAMILY = "1,2";
				TEST_HOST = "$(BUILT_PRODUCTS_DIR)/testdevops.app/testdevops";
			};
			name = Debug;
		};
		1983A5352404CE5A006C3828 /* Release */ = {
			isa = XCBuildConfiguration;
			buildSettings = {
				ALWAYS_EMBED_SWIFT_STANDARD_LIBRARIES = YES;
				BUNDLE_LOADER = "$(TEST_HOST)";
				CODE_SIGN_STYLE = Automatic;
				INFOPLIST_FILE = testdevopsTests/Info.plist;
				IPHONEOS_DEPLOYMENT_TARGET = 13.2;
				LD_RUNPATH_SEARCH_PATHS = (
					"$(inherited)",
					"@executable_path/Frameworks",
					"@loader_path/Frameworks",
				);
				PRODUCT_BUNDLE_IDENTIFIER = com.mfec.dd.testdevopsTests;
				PRODUCT_NAME = "$(TARGET_NAME)";
				SWIFT_VERSION = 5.0;
				TARGETED_DEVICE_FAMILY = "1,2";
				TEST_HOST = "$(BUILT_PRODUCTS_DIR)/testdevops.app/testdevops";
			};
			name = Release;
		};
		1983A5372404CE5A006C3828 /* Debug */ = {
			isa = XCBuildConfiguration;
			buildSettings = {
				ALWAYS_EMBED_SWIFT_STANDARD_LIBRARIES = YES;
				CODE_SIGN_STYLE = Automatic;
				INFOPLIST_FILE = testdevopsUITests/Info.plist;
				LD_RUNPATH_SEARCH_PATHS = (
					"$(inherited)",
					"@executable_path/Frameworks",
					"@loader_path/Frameworks",
				);
				PRODUCT_BUNDLE_IDENTIFIER = com.mfec.dd.testdevopsUITests;
				PRODUCT_NAME = "$(TARGET_NAME)";
				SWIFT_VERSION = 5.0;
				TARGETED_DEVICE_FAMILY = "1,2";
				TEST_TARGET_NAME = testdevops;
			};
			name = Debug;
		};
		1983A5382404CE5A006C3828 /* Release */ = {
			isa = XCBuildConfiguration;
			buildSettings = {
				ALWAYS_EMBED_SWIFT_STANDARD_LIBRARIES = YES;
				CODE_SIGN_STYLE = Automatic;
				INFOPLIST_FILE = testdevopsUITests/Info.plist;
				LD_RUNPATH_SEARCH_PATHS = (
					"$(inherited)",
					"@executable_path/Frameworks",
					"@loader_path/Frameworks",
				);
				PRODUCT_BUNDLE_IDENTIFIER = com.mfec.dd.testdevopsUITests;
				PRODUCT_NAME = "$(TARGET_NAME)";
				SWIFT_VERSION = 5.0;
				TARGETED_DEVICE_FAMILY = "1,2";
				TEST_TARGET_NAME = testdevops;
			};
			name = Release;
		};
/* End XCBuildConfiguration section */

/* Begin XCConfigurationList section */
		1983A5012404CE54006C3828 /* Build configuration list for PBXProject "testdevops" */ = {
			isa = XCConfigurationList;
			buildConfigurations = (
				1983A52E2404CE5A006C3828 /* Debug */,
				1983A52F2404CE5A006C3828 /* Release */,
			);
			defaultConfigurationIsVisible = 0;
			defaultConfigurationName = Release;
		};
		1983A5302404CE5A006C3828 /* Build configuration list for PBXNativeTarget "testdevops" */ = {
			isa = XCConfigurationList;
			buildConfigurations = (
				1983A5312404CE5A006C3828 /* Debug */,
				1983A5322404CE5A006C3828 /* Release */,
			);
			defaultConfigurationIsVisible = 0;
			defaultConfigurationName = Release;
		};
		1983A5332404CE5A006C3828 /* Build configuration list for PBXNativeTarget "testdevopsTests" */ = {
			isa = XCConfigurationList;
			buildConfigurations = (
				1983A5342404CE5A006C3828 /* Debug */,
				1983A5352404CE5A006C3828 /* Release */,
			);
			defaultConfigurationIsVisible = 0;
			defaultConfigurationName = Release;
		};
		1983A5362404CE5A006C3828 /* Build configuration list for PBXNativeTarget "testdevopsUITests" */ = {
			isa = XCConfigurationList;
			buildConfigurations = (
				1983A5372404CE5A006C3828 /* Debug */,
				1983A5382404CE5A006C3828 /* Release */,
			);
			defaultConfigurationIsVisible = 0;
			defaultConfigurationName = Release;
		};
/* End XCConfigurationList section */
	};
	rootObject = 1983A4FE2404CE54006C3828 /* Project object */;
}
